{
    "requires": true,
    "lockfileVersion": 1,
    "dependencies": {
        "@chartisan/chartisan": {
            "version": "3.2.3",
            "resolved": "https://registry.npmjs.org/@chartisan/chartisan/-/chartisan-3.2.3.tgz",
            "integrity": "sha512-bSb0pVkjpmD+7Jg0qY3c0Km2u6NWzthNspGv6K6laGIrBuL8ETuk7ba1SXzD9Kp7R89Ah85wfgElV0su5aYJiQ==",
            "requires": {
                "deepmerge": "^4.2.2"
            }
        },
        "@chartisan/chartjs": {
            "version": "2.1.0",
            "resolved": "https://registry.npmjs.org/@chartisan/chartjs/-/chartjs-2.1.0.tgz",
            "integrity": "sha512-IHeYeyqCODg7ZU8ECNpCSDiuny/vTIkjFzubmB23A5/hG+lr2kSI9TXDd9o3l2Vd9PjQpSc0eQKmK7iWQ3+C0g==",
            "requires": {
                "@chartisan/chartisan": "^3.2.3"
            }
        },
        "chart.js": {
            "version": "2.9.3",
            "resolved": "https://registry.npmjs.org/chart.js/-/chart.js-2.9.3.tgz",
            "integrity": "sha512-+2jlOobSk52c1VU6fzkh3UwqHMdSlgH1xFv9FKMqHiNCpXsGPQa/+81AFa+i3jZ253Mq9aAycPwDjnn1XbRNNw==",
            "requires": {
                "chartjs-color": "^2.1.0",
                "moment": "^2.10.2"
            }
        },
        "chartjs-color": {
            "version": "2.4.1",
            "resolved": "https://registry.npmjs.org/chartjs-color/-/chartjs-color-2.4.1.tgz",
            "integrity": "sha512-haqOg1+Yebys/Ts/9bLo/BqUcONQOdr/hoEr2LLTRl6C5LXctUdHxsCYfvQVg5JIxITrfCNUDr4ntqmQk9+/0w==",
            "requires": {
                "chartjs-color-string": "^0.6.0",
                "color-convert": "^1.9.3"
            }
        },
        "chartjs-color-string": {
            "version": "0.6.0",
            "resolved": "https://registry.npmjs.org/chartjs-color-string/-/chartjs-color-string-0.6.0.tgz",
            "integrity": "sha512-TIB5OKn1hPJvO7JcteW4WY/63v6KwEdt6udfnDE9iCAZgy+V4SrbSxoIbTw/xkUIapjEI4ExGtD0+6D3KyFd7A==",
            "requires": {
                "color-name": "^1.0.0"
            }
        },
        "color-convert": {
            "version": "1.9.3",
            "resolved": "https://registry.npmjs.org/color-convert/-/color-convert-1.9.3.tgz",
            "integrity": "sha512-QfAUtd+vFdAtFQcC8CCyYt1fYWxSqAiK2cSD6zDB8N3cpsEBAvRxp9zOGg6G/SHHJYAT88/az/IuDGALsNVbGg==",
            "requires": {
                "color-name": "1.1.3"
            },
            "dependencies": {
                "color-name": {
                    "version": "1.1.3",
                    "resolved": "https://registry.npmjs.org/color-name/-/color-name-1.1.3.tgz",
                    "integrity": "sha1-p9BVi9icQveV3UIyj3QIMcpTvCU="
                }
            }
        },
        "color-name": {
            "version": "1.1.4",
            "resolved": "https://registry.npmjs.org/color-name/-/color-name-1.1.4.tgz",
            "integrity": "sha512-dOy+3AuW3a2wNbZHIuMZpTcgjGuLU/uBL/ubcZF9OXbDo8ff4O8yVp5Bf0efS8uEoYo5q4Fx7dY9OgQGXgAsQA=="
        },
        "deepmerge": {
            "version": "4.2.2",
            "resolved": "https://registry.npmjs.org/deepmerge/-/deepmerge-4.2.2.tgz",
            "integrity": "sha512-FJ3UgI4gIl+PHZm53knsuSFpE+nESMr7M4v9QcgB7S63Kj/6WqMiFQJpBBYz1Pt+66bZpP3Q7Lye0Oo9MPKEdg=="
        },
        "moment": {
            "version": "2.27.0",
            "resolved": "https://registry.npmjs.org/moment/-/moment-2.27.0.tgz",
            "integrity": "sha512-al0MUK7cpIcglMv3YF13qSgdAIqxHTO7brRtaz3DlSULbqfazqkc5kEjNrLDOM7fsjshoFIihnU8snrP7zUvhQ=="
        }
    }
}
